{
  "sources": {
    "ktc-openstack-ha": {
      "path": "."
    },
    "keepalived": {
      "locked_version": "1.0.5",
      "git": "git://github.com/spheromak/keepalived.git",
      "ref": "ae162e239ddcccec3416899d36c4523f280272cc"
    },
    "ktc-etcd": {
      "locked_version": "1.1.4"
    },
    "ktc-testing": {
      "locked_version": "0.0.3"
    },
    "haproxy": {
      "locked_version": "1.5.0"
    },
    "cpu": {
      "locked_version": "0.2.0"
    },
    "build-essential": {
      "locked_version": "1.4.2"
    },
    "etcd": {
      "locked_version": "1.2.4"
    },
    "ark": {
      "locked_version": "0.3.2"
    },
    "services": {
      "locked_version": "1.1.1"
    },
    "sysctl": {
      "locked_version": "0.3.3"
    },
    "ktc-utils": {
      "locked_version": "0.3.3"
    },
    "openstack-common": {
      "locked_version": "0.4.3"
    },
    "apt": {
      "locked_version": "2.1.2"
    },
    "database": {
      "locked_version": "1.4.0"
    },
    "mysql": {
      "locked_version": "3.0.4"
    },
    "openssl": {
      "locked_version": "1.1.0"
    },
    "postgresql": {
      "locked_version": "3.0.4"
    },
    "aws": {
      "locked_version": "0.101.4"
    },
    "xfs": {
      "locked_version": "1.1.0"
    },
    "ubuntu": {
      "locked_version": "1.1.2"
    }
  }
}
