{
  "sources": {
    "ktc-openstack-ha": {
      "path": "."
    },
    "ktc-etcd": {
      "locked_version": "1.1.4",
      "git": "git://github.com/cloudware-cookbooks/ktc-etcd.git",
      "ref": "6daab4a5eee14842e818ba30cc6bc9c88d61fe32"
    },
    "keepalived": {
      "locked_version": "1.0.5",
      "git": "git://github.com/spheromak/keepalived.git",
      "ref": "ae162e239ddcccec3416899d36c4523f280272cc"
    },
    "sysctl": {
      "locked_version": "0.3.3",
      "git": "git://github.com/onehealth-cookbooks/sysctl.git",
      "ref": "494290c8d9a042e52ba8b9ee7976b6c46f09906a"
    },
    "ktc-utils": {
      "locked_version": "0.3.2",
      "git": "git://github.com/cloudware-cookbooks/ktc-utils.git",
      "ref": "954203349653b3f26d0012e85d559a50d0279d82"
    },
    "services": {
      "locked_version": "1.0.7",
      "git": "git://github.com/spheromak/services-cookbook.git",
      "ref": "d251bfebaabdc9ed6108ccd876ade562ca1809e2"
    },
    "openstack-common": {
      "locked_version": "0.4.3",
      "git": "git://github.com/stackforge/cookbook-openstack-common.git",
      "ref": "eb5eed7126b6a6efbaf803e8a594d610cf661e97"
    },
    "haproxy": {
      "locked_version": "1.4.0"
    },
    "cpu": {
      "locked_version": "0.2.0"
    },
    "build-essential": {
      "locked_version": "1.4.2"
    },
    "etcd": {
      "locked_version": "1.2.4"
    },
    "ark": {
      "locked_version": "0.3.2"
    },
    "apt": {
      "locked_version": "2.1.1"
    },
    "database": {
      "locked_version": "1.4.0"
    },
    "mysql": {
      "locked_version": "3.0.4"
    },
    "openssl": {
      "locked_version": "1.1.0"
    },
    "postgresql": {
      "locked_version": "3.0.4"
    },
    "aws": {
      "locked_version": "0.101.4"
    },
    "xfs": {
      "locked_version": "1.1.0"
    }
  }
}
